<?xml version="1.0" encoding="utf-8"?>
<Project ToolsVersion="4.0" xmlns="http://schemas.microsoft.com/developer/msbuild/2003">
  <ItemGroup>
    <Filter Include="源文件">
      <UniqueIdentifier>{4FC737F1-C7A5-4376-A066-2A32D752A2FF}</UniqueIdentifier>
      <Extensions>cpp;c;cc;cxx;def;odl;idl;hpj;bat;asm;asmx</Extensions>
    </Filter>
    <Filter Include="头文件">
      <UniqueIdentifier>{93995380-89BD-4b04-88EB-625FBE52EBFB}</UniqueIdentifier>
      <Extensions>h;hh;hpp;hxx;hm;inl;inc;xsd</Extensions>
    </Filter>
    <Filter Include="资源文件">
      <UniqueIdentifier>{67DA6AB6-F800-4c08-8B7A-83BB121AAD01}</UniqueIdentifier>
      <Extensions>rc;ico;cur;bmp;dlg;rc2;rct;bin;rgs;gif;jpg;jpeg;jpe;resx;tiff;tif;png;wav;mfcribbon-ms</Extensions>
    </Filter>
  </ItemGroup>
  <ItemGroup>
    <ClCompile Include="src\simplechain\simplechain_program.cpp">
      <Filter>源文件</Filter>
    </ClCompile>
    <ClCompile Include="src\simplechain\contract.cpp">
      <Filter>源文件</Filter>
    </ClCompile>
    <ClCompile Include="src\simplechain\transaction.cpp">
      <Filter>源文件</Filter>
    </ClCompile>
    <ClCompile Include="src\simplechain\contract_evaluate.cpp">
      <Filter>源文件</Filter>
    </ClCompile>
    <ClCompile Include="src\simplechain\blockchain.cpp">
      <Filter>源文件</Filter>
    </ClCompile>
    <ClCompile Include="src\simplechain\db.cpp">
      <Filter>源文件</Filter>
    </ClCompile>
    <ClCompile Include="src\simplechain\contract_entry.cpp">
      <Filter>源文件</Filter>
    </ClCompile>
    <ClCompile Include="src\simplechain\contract_object.cpp">
      <Filter>源文件</Filter>
    </ClCompile>
    <ClCompile Include="src\simplechain\contract_helper.cpp">
      <Filter>源文件</Filter>
    </ClCompile>
    <ClCompile Include="src\Keccak.cpp">
      <Filter>源文件</Filter>
    </ClCompile>
    <ClCompile Include="src\simplechain\simplechain_uvm_api.cpp">
      <Filter>源文件</Filter>
    </ClCompile>
    <ClCompile Include="src\simplechain\contract_engine_builder.cpp">
      <Filter>源文件</Filter>
    </ClCompile>
    <ClCompile Include="src\simplechain\uvm_contract_engine.cpp">
      <Filter>源文件</Filter>
    </ClCompile>
    <ClCompile Include="src\simplechain\storage.cpp">
      <Filter>源文件</Filter>
    </ClCompile>
    <ClCompile Include="src\simplechain\block.cpp">
      <Filter>源文件</Filter>
    </ClCompile>
    <ClCompile Include="src\simplechain\evaluate_state.cpp">
      <Filter>源文件</Filter>
    </ClCompile>
    <ClCompile Include="src\simplechain\transfer_evaluate.cpp">
      <Filter>源文件</Filter>
    </ClCompile>
    <ClCompile Include="src\simplechain\operations_helper.cpp">
      <Filter>源文件</Filter>
    </ClCompile>
  </ItemGroup>
  <ItemGroup>
    <ClInclude Include="include\simplechain\simplechain.h">
      <Filter>头文件</Filter>
    </ClInclude>
    <ClInclude Include="include\simplechain\transaction.h">
      <Filter>头文件</Filter>
    </ClInclude>
    <ClInclude Include="include\simplechain\operation.h">
      <Filter>头文件</Filter>
    </ClInclude>
    <ClInclude Include="include\simplechain\contract.h">
      <Filter>头文件</Filter>
    </ClInclude>
    <ClInclude Include="include\simplechain\contract_evaluate.h">
      <Filter>头文件</Filter>
    </ClInclude>
    <ClInclude Include="include\simplechain\service.h">
      <Filter>头文件</Filter>
    </ClInclude>
    <ClInclude Include="include\simplechain\repl.h">
      <Filter>头文件</Filter>
    </ClInclude>
    <ClInclude Include="include\simplechain\config.h">
      <Filter>头文件</Filter>
    </ClInclude>
    <ClInclude Include="include\simplechain\evaluator.h">
      <Filter>头文件</Filter>
    </ClInclude>
    <ClInclude Include="include\simplechain\evaluate_result.h">
      <Filter>头文件</Filter>
    </ClInclude>
    <ClInclude Include="include\simplechain\blockchain.h">
      <Filter>头文件</Filter>
    </ClInclude>
    <ClInclude Include="include\simplechain\db.h">
      <Filter>头文件</Filter>
    </ClInclude>
    <ClInclude Include="include\simplechain\chainparams.h">
      <Filter>头文件</Filter>
    </ClInclude>
    <ClInclude Include="include\simplechain\evaluate_state.h">
      <Filter>头文件</Filter>
    </ClInclude>
    <ClInclude Include="include\simplechain\operations.h">
      <Filter>头文件</Filter>
    </ClInclude>
    <ClInclude Include="include\simplechain\contract_entry.h">
      <Filter>头文件</Filter>
    </ClInclude>
    <ClInclude Include="include\simplechain\contract_object.h">
      <Filter>头文件</Filter>
    </ClInclude>
    <ClInclude Include="include\simplechain\contract_helper.h">
      <Filter>头文件</Filter>
    </ClInclude>
    <ClInclude Include="include\Keccak.hpp">
      <Filter>头文件</Filter>
    </ClInclude>
    <ClInclude Include="include\simplechain\simplechain_uvm_api.h">
      <Filter>头文件</Filter>
    </ClInclude>
    <ClInclude Include="include\simplechain\contract_engine_builder.h">
      <Filter>头文件</Filter>
    </ClInclude>
    <ClInclude Include="include\simplechain\uvm_contract_engine.h">
      <Filter>头文件</Filter>
    </ClInclude>
    <ClInclude Include="include\simplechain\contract_engine.h">
      <Filter>头文件</Filter>
    </ClInclude>
    <ClInclude Include="include\simplechain\storage.h">
      <Filter>头文件</Filter>
    </ClInclude>
    <ClInclude Include="include\simplechain\block.h">
      <Filter>头文件</Filter>
    </ClInclude>
    <ClInclude Include="include\simplechain\asset.h">
      <Filter>头文件</Filter>
    </ClInclude>
    <ClInclude Include="include\simplechain\transfer_operation.h">
      <Filter>头文件</Filter>
    </ClInclude>
    <ClInclude Include="include\simplechain\transfer_evaluate.h">
      <Filter>头文件</Filter>
    </ClInclude>
    <ClInclude Include="include\simplechain\operations_helper.h">
      <Filter>头文件</Filter>
    </ClInclude>
  </ItemGroup>
</Project>